
Microsoft Visual Studio Solution File, Format Version 12.00
# Visual Studio Version 17
VisualStudioVersion = 17.1.32319.34
MinimumVisualStudioVersion = 10.0.40219.1
Project("{FAE04EC0-301F-11D3-BF4B-00C04F79EFBC}") = "BigRationalLib", "BigRationalLib.csproj", "{8B227C9A-5876-45D2-BF8C-968955077348}"
EndProject
Global
	GlobalSection(SolutionConfigurationPlatforms) = preSolution
		Debug|Any CPU = Debug|Any CPU
		Release|Any CPU = Release|Any CPU
	EndGlobalSection
	GlobalSection(ProjectConfigurationPlatforms) = postSolution
		{8B227C9A-5876-45D2-BF8C-968955077348}.Debug|Any CPU.ActiveCfg = Debug|Any CPU
		{8B227C9A-5876-45D2-BF8C-968955077348}.Debug|Any CPU.Build.0 = Debug|Any CPU
		{8B227C9A-5876-45D2-BF8C-968955077348}.Release|Any CPU.ActiveCfg = Release|Any CPU
		{8B227C9A-5876-45D2-BF8C-968955077348}.Release|Any CPU.Build.0 = Release|Any CPU
	EndGlobalSection
	GlobalSection(SolutionProperties) = preSolution
		HideSolutionNode = FALSE
	EndGlobalSection
	GlobalSection(ExtensibilityGlobals) = postSolution
		SolutionGuid = {684AA506-6FAE-4070-B218-B53BE5DCCC52}
	EndGlobalSection
EndGlobal
